
Microsoft Visual Studio Solution File, Format Version 12.00
# Visual Studio Version 17
VisualStudioVersion = 17.1.32210.238
MinimumVisualStudioVersion = 10.0.40219.1
Project("{FAE04EC0-301F-11D3-BF4B-00C04F79EFBC}") = "Enter_NAME_and_SURNAME_program_writes_STRINGS_into_1_LINE", "Enter_NAME_and_SURNAME_program_writes_STRINGS_into_1_LINE.csproj", "{450E2DA0-1998-4500-AF0B-2158A3640364}"
EndProject
Global
	GlobalSection(SolutionConfigurationPlatforms) = preSolution
		Debug|Any CPU = Debug|Any CPU
		Release|Any CPU = Release|Any CPU
	EndGlobalSection
	GlobalSection(ProjectConfigurationPlatforms) = postSolution
		{450E2DA0-1998-4500-AF0B-2158A3640364}.Debug|Any CPU.ActiveCfg = Debug|Any CPU
		{450E2DA0-1998-4500-AF0B-2158A3640364}.Debug|Any CPU.Build.0 = Debug|Any CPU
		{450E2DA0-1998-4500-AF0B-2158A3640364}.Release|Any CPU.ActiveCfg = Release|Any CPU
		{450E2DA0-1998-4500-AF0B-2158A3640364}.Release|Any CPU.Build.0 = Release|Any CPU
	EndGlobalSection
	GlobalSection(SolutionProperties) = preSolution
		HideSolutionNode = FALSE
	EndGlobalSection
	GlobalSection(ExtensibilityGlobals) = postSolution
		SolutionGuid = {C01E636B-87B3-473A-AC32-8D5799945FD4}
	EndGlobalSection
EndGlobal
